
Microsoft Visual Studio Solution File, Format Version 12.00
# Visual Studio Version 16
VisualStudioVersion = 16.0.30611.23
MinimumVisualStudioVersion = 10.0.40219.1
Project("{888888A0-9F3D-457C-B088-3A5042F75D52}") = "DjangoWebProject1", "DjangoWebProject1\DjangoWebProject1.pyproj", "{09577D8D-9A9B-4C32-88A4-6E18266FAF4B}"
EndProject
Global
	GlobalSection(SolutionConfigurationPlatforms) = preSolution
		Debug|Any CPU = Debug|Any CPU
		Release|Any CPU = Release|Any CPU
	EndGlobalSection
	GlobalSection(ProjectConfigurationPlatforms) = postSolution
		{09577D8D-9A9B-4C32-88A4-6E18266FAF4B}.Debug|Any CPU.ActiveCfg = Debug|Any CPU
		{09577D8D-9A9B-4C32-88A4-6E18266FAF4B}.Debug|Any CPU.Build.0 = Debug|Any CPU
		{09577D8D-9A9B-4C32-88A4-6E18266FAF4B}.Release|Any CPU.ActiveCfg = Release|Any CPU
		{09577D8D-9A9B-4C32-88A4-6E18266FAF4B}.Release|Any CPU.Build.0 = Release|Any CPU
	EndGlobalSection
	GlobalSection(SolutionProperties) = preSolution
		HideSolutionNode = FALSE
	EndGlobalSection
	GlobalSection(ExtensibilityGlobals) = postSolution
		SolutionGuid = {F9DF8912-B752-4403-BBD7-0E5EC4CB0548}
	EndGlobalSection
EndGlobal
